
Microsoft Visual Studio Solution File, Format Version 12.00
# Visual Studio Version 16
VisualStudioVersion = 16.0.31624.102
MinimumVisualStudioVersion = 10.0.40219.1
Project("{FAE04EC0-301F-11D3-BF4B-00C04F79EFBC}") = "Victor-NXP-DashBoard01", "Victor-NXP-DashBoard01.csproj", "{B7509986-B744-407F-8EBC-7DA44F72EF31}"
EndProject
Global
	GlobalSection(SolutionConfigurationPlatforms) = preSolution
		Debug|Any CPU = Debug|Any CPU
		Release|Any CPU = Release|Any CPU
	EndGlobalSection
	GlobalSection(ProjectConfigurationPlatforms) = postSolution
		{B7509986-B744-407F-8EBC-7DA44F72EF31}.Debug|Any CPU.ActiveCfg = Debug|Any CPU
		{B7509986-B744-407F-8EBC-7DA44F72EF31}.Debug|Any CPU.Build.0 = Debug|Any CPU
		{B7509986-B744-407F-8EBC-7DA44F72EF31}.Release|Any CPU.ActiveCfg = Release|Any CPU
		{B7509986-B744-407F-8EBC-7DA44F72EF31}.Release|Any CPU.Build.0 = Release|Any CPU
	EndGlobalSection
	GlobalSection(SolutionProperties) = preSolution
		HideSolutionNode = FALSE
	EndGlobalSection
	GlobalSection(ExtensibilityGlobals) = postSolution
		SolutionGuid = {4783C519-C52E-4715-8084-A63D4614F2A7}
	EndGlobalSection
EndGlobal
